
Microsoft Visual Studio Solution File, Format Version 12.00
# Visual Studio Version 16
VisualStudioVersion = 16.0.30114.105
MinimumVisualStudioVersion = 10.0.40219.1
Project("{2150E333-8FDC-42A3-9474-1A3956D46DE8}") = "Solution Items", "Solution Items", "{0F777222-FE47-425A-90F6-75D739967A5C}"
	ProjectSection(SolutionItems) = preProject
		.editorconfig = .editorconfig
		.gitignore = .gitignore
		LICENSE.md = LICENSE.md
		README.md = README.md
	EndProjectSection
EndProject
Project("{9A19103F-16F7-4668-BE54-9A1E7A4F7556}") = "Acp.Career", "Acp.Career\Acp.Career.csproj", "{C8804ED9-EC87-455F-8FCA-921347AA9580}"
EndProject
Global
	GlobalSection(SolutionConfigurationPlatforms) = preSolution
		Debug|Any CPU = Debug|Any CPU
		Release|Any CPU = Release|Any CPU
	EndGlobalSection
	GlobalSection(ProjectConfigurationPlatforms) = postSolution
		{C8804ED9-EC87-455F-8FCA-921347AA9580}.Debug|Any CPU.ActiveCfg = Debug|Any CPU
		{C8804ED9-EC87-455F-8FCA-921347AA9580}.Debug|Any CPU.Build.0 = Debug|Any CPU
		{C8804ED9-EC87-455F-8FCA-921347AA9580}.Release|Any CPU.ActiveCfg = Release|Any CPU
		{C8804ED9-EC87-455F-8FCA-921347AA9580}.Release|Any CPU.Build.0 = Release|Any CPU
	EndGlobalSection
	GlobalSection(SolutionProperties) = preSolution
		HideSolutionNode = FALSE
	EndGlobalSection
	GlobalSection(ExtensibilityGlobals) = postSolution
		SolutionGuid = {11BC04F3-F01C-43F2-9702-C4CC2EB3F024}
	EndGlobalSection
EndGlobal
